# This file was autogenerated by Stack.
# You should not edit this file by hand.
# For more information, please see the documentation at:
#   https://docs.haskellstack.org/en/stable/lock_files

packages:
- completed:
    hackage: postgresql-orm-0.5.1@sha256:1dadd0496f3c464ca03125f464c974b4c12c909e31a2c3eefbf4ebc23238f27a,2552
    pantry-tree:
      size: 1527
      sha256: 7fc925c03a70f05fc07fc26ba6a1ade68029b508f1a5b2b06d0375fb333f6b47
  original:
    hackage: postgresql-orm-0.5.1
snapshots:
- completed:
    size: 492015
    url: https://raw.githubusercontent.com/commercialhaskell/stackage-snapshots/master/lts/15/8.yaml
    sha256: 926bc3d70249dd0ba05277ff00943c0addb35b627cb641752669e7cf771310d0
  original: lts-15.8
